
Microsoft Visual Studio Solution File, Format Version 12.00
# Visual Studio 15
VisualStudioVersion = 15.0.26730.16
MinimumVisualStudioVersion = 10.0.40219.1
Project("{FAE04EC0-301F-11D3-BF4B-00C04F79EFBC}") = "LogACat.Engine", "LogACat.Engine\LogACat.Engine.csproj", "{733A238A-36C7-4F2B-8F9D-B93615D61F54}"
EndProject
Project("{FAE04EC0-301F-11D3-BF4B-00C04F79EFBC}") = "LogACat.Database", "LogACat.Database\LogACat.Database.csproj", "{4095F146-F5D6-4D0F-8D2C-FA83DF40F47A}"
EndProject
Project("{FAE04EC0-301F-11D3-BF4B-00C04F79EFBC}") = "LogACat.Tests", "LogACat.Tests\LogACat.Tests.csproj", "{DFA7D48A-73A6-4B3C-82FF-6CB2DEC45189}"
EndProject
Global
	GlobalSection(SolutionConfigurationPlatforms) = preSolution
		Debug|Any CPU = Debug|Any CPU
		Release|Any CPU = Release|Any CPU
	EndGlobalSection
	GlobalSection(ProjectConfigurationPlatforms) = postSolution
		{733A238A-36C7-4F2B-8F9D-B93615D61F54}.Debug|Any CPU.ActiveCfg = Debug|Any CPU
		{733A238A-36C7-4F2B-8F9D-B93615D61F54}.Debug|Any CPU.Build.0 = Debug|Any CPU
		{733A238A-36C7-4F2B-8F9D-B93615D61F54}.Release|Any CPU.ActiveCfg = Release|Any CPU
		{733A238A-36C7-4F2B-8F9D-B93615D61F54}.Release|Any CPU.Build.0 = Release|Any CPU
		{4095F146-F5D6-4D0F-8D2C-FA83DF40F47A}.Debug|Any CPU.ActiveCfg = Debug|Any CPU
		{4095F146-F5D6-4D0F-8D2C-FA83DF40F47A}.Debug|Any CPU.Build.0 = Debug|Any CPU
		{4095F146-F5D6-4D0F-8D2C-FA83DF40F47A}.Release|Any CPU.ActiveCfg = Release|Any CPU
		{4095F146-F5D6-4D0F-8D2C-FA83DF40F47A}.Release|Any CPU.Build.0 = Release|Any CPU
		{DFA7D48A-73A6-4B3C-82FF-6CB2DEC45189}.Debug|Any CPU.ActiveCfg = Debug|Any CPU
		{DFA7D48A-73A6-4B3C-82FF-6CB2DEC45189}.Debug|Any CPU.Build.0 = Debug|Any CPU
		{DFA7D48A-73A6-4B3C-82FF-6CB2DEC45189}.Release|Any CPU.ActiveCfg = Release|Any CPU
		{DFA7D48A-73A6-4B3C-82FF-6CB2DEC45189}.Release|Any CPU.Build.0 = Release|Any CPU
	EndGlobalSection
	GlobalSection(SolutionProperties) = preSolution
		HideSolutionNode = FALSE
	EndGlobalSection
	GlobalSection(ExtensibilityGlobals) = postSolution
		SolutionGuid = {10EB7369-CFDF-464A-A221-F01C1BF6CA3D}
	EndGlobalSection
EndGlobal
